<?xml version="1.0" encoding="utf-8"?>
<Project ToolsVersion="4.0" xmlns="http://schemas.microsoft.com/developer/msbuild/2003">
  <ItemGroup>
    <Filter Include="Console">
      <UniqueIdentifier>{bac960ed-0a9a-432d-866a-695bd4b1c17d}</UniqueIdentifier>
    </Filter>
    <Filter Include="Spec">
      <UniqueIdentifier>{dec3f4fe-4bb2-4c26-a845-591c16026ebd}</UniqueIdentifier>
    </Filter>
    <Filter Include="Common">
      <UniqueIdentifier>{40490c8b-f170-4bd4-8291-9200e1d77f14}</UniqueIdentifier>
    </Filter>
    <Filter Include="Windows">
      <UniqueIdentifier>{b7fd4d80-ecf8-4516-9694-65e578a7437d}</UniqueIdentifier>
    </Filter>
    <Filter Include="7zip Common">
      <UniqueIdentifier>{15873750-1356-42e2-b4d1-237d07136d89}</UniqueIdentifier>
    </Filter>
    <Filter Include="Compress">
      <UniqueIdentifier>{a8a47114-ebc7-4e5e-9fc3-ac5db41b6076}</UniqueIdentifier>
    </Filter>
    <Filter Include="Compress\BZip2">
      <UniqueIdentifier>{a33eed3b-80c5-4c43-915d-2d9dfa535ba7}</UniqueIdentifier>
    </Filter>
    <Filter Include="Compress\Copy">
      <UniqueIdentifier>{a3c4551b-be82-4b8e-bac9-52244f6311c7}</UniqueIdentifier>
    </Filter>
    <Filter Include="Compress\Deflate">
      <UniqueIdentifier>{451f8e9b-f887-46fb-946e-0e6d94bf370f}</UniqueIdentifier>
    </Filter>
    <Filter Include="Compress\Huffman">
      <UniqueIdentifier>{2f50679c-1874-4601-a924-5b2767aba2c9}</UniqueIdentifier>
    </Filter>
    <Filter Include="Compress\Implode">
      <UniqueIdentifier>{9d646958-b200-4661-b7cf-689f2040ed04}</UniqueIdentifier>
    </Filter>
    <Filter Include="Compress\LZMA">
      <UniqueIdentifier>{9eaa7610-5f31-4722-8aa7-8198d6a166e9}</UniqueIdentifier>
    </Filter>
    <Filter Include="Compress\PPMd">
      <UniqueIdentifier>{cea5f4f9-e289-4f1e-b431-488a5caf742f}</UniqueIdentifier>
    </Filter>
    <Filter Include="Compress\RangeCoder">
      <UniqueIdentifier>{5fe29407-eb07-42ca-af6b-6b9a7ffd34a4}</UniqueIdentifier>
    </Filter>
    <Filter Include="Compress\Shrink">
      <UniqueIdentifier>{8e04a8a0-fac9-4004-9d64-74124b911b18}</UniqueIdentifier>
    </Filter>
    <Filter Include="Compress\Z">
      <UniqueIdentifier>{d7551a9c-0736-40d5-b426-6aa90d274f38}</UniqueIdentifier>
    </Filter>
    <Filter Include="Compress\BWT">
      <UniqueIdentifier>{8e5b6d60-f447-4d01-b0dd-bfa21edb31d7}</UniqueIdentifier>
    </Filter>
    <Filter Include="Compress\LZX">
      <UniqueIdentifier>{64d3b88c-0bb6-438c-9316-2335d9effc0f}</UniqueIdentifier>
    </Filter>
    <Filter Include="Compress\Quantum">
      <UniqueIdentifier>{ec59b746-aa09-4c2e-ac2d-9413ba3783b0}</UniqueIdentifier>
    </Filter>
    <Filter Include="Archive">
      <UniqueIdentifier>{b80509c9-0b04-4d60-8898-1a487cf2e9c8}</UniqueIdentifier>
    </Filter>
    <Filter Include="Archive\7z">
      <UniqueIdentifier>{76a362f8-bcb0-4daf-823f-0612f9e9e8e0}</UniqueIdentifier>
    </Filter>
    <Filter Include="Archive\zip">
      <UniqueIdentifier>{22503037-03b4-47b4-980e-18bfede2a8ee}</UniqueIdentifier>
    </Filter>
    <Filter Include="Archive\Archive Common">
      <UniqueIdentifier>{b5faa1d6-c731-462b-8f69-97d4ab0a5caf}</UniqueIdentifier>
    </Filter>
    <Filter Include="UI Common">
      <UniqueIdentifier>{1969be7d-67f6-42dd-ac18-71e02a0093e8}</UniqueIdentifier>
    </Filter>
    <Filter Include="Crypto">
      <UniqueIdentifier>{16dd1a48-a6f7-447a-96bd-2ae79b700b3c}</UniqueIdentifier>
    </Filter>
    <Filter Include="7-zip">
      <UniqueIdentifier>{d4c21947-24cc-4631-bb0d-87a86e0b4743}</UniqueIdentifier>
    </Filter>
    <Filter Include="C">
      <UniqueIdentifier>{66aa74bd-80fd-45aa-9796-65c312fed2e2}</UniqueIdentifier>
    </Filter>
    <Filter Include="C\Xz">
      <UniqueIdentifier>{f8867bc7-ef29-49c7-bada-7bf35a01d038}</UniqueIdentifier>
    </Filter>
    <Filter Include="Archive\cab">
      <UniqueIdentifier>{28195465-bea7-4fe7-9733-ac2ec17b7214}</UniqueIdentifier>
    </Filter>
    <Filter Include="Archive\tar">
      <UniqueIdentifier>{2e73c8d0-f000-484e-a3dc-99fc2fbdaf7d}</UniqueIdentifier>
    </Filter>
    <Filter Include="Asm">
      <UniqueIdentifier>{ce98ec6a-8e43-4662-b5b0-aa5f2dd3b121}</UniqueIdentifier>
    </Filter>
  </ItemGroup>
  <ItemGroup>
    <ClInclude Include="..\..\UI\Console\List.h">
      <Filter>Console</Filter>
    </ClInclude>
    <ClInclude Include="7-zip32.h">
      <Filter>Spec</Filter>
    </ClInclude>
    <ClInclude Include="Dialog.h">
      <Filter>Spec</Filter>
    </ClInclude>
    <ClInclude Include="MainAr.h">
      <Filter>Spec</Filter>
    </ClInclude>
    <ClInclude Include="MyOpenArchive.h">
      <Filter>Spec</Filter>
    </ClInclude>
    <ClInclude Include="resource.h">
      <Filter>Spec</Filter>
    </ClInclude>
    <ClInclude Include="SplitCmdLine.h">
      <Filter>Spec</Filter>
    </ClInclude>
    <ClInclude Include="StdAfx.h">
      <Filter>Spec</Filter>
    </ClInclude>
    <ClInclude Include="Common\StdOutStream.h">
      <Filter>Spec</Filter>
    </ClInclude>
    <ClInclude Include="..\..\..\Common\AutoPtr.h">
      <Filter>Common</Filter>
    </ClInclude>
    <ClInclude Include="..\..\..\Common\Buffer.h">
      <Filter>Common</Filter>
    </ClInclude>
    <ClInclude Include="..\..\..\Common\CommandLineParser.h">
      <Filter>Common</Filter>
    </ClInclude>
    <ClInclude Include="..\..\..\Common\ComTry.h">
      <Filter>Common</Filter>
    </ClInclude>
    <ClInclude Include="..\..\..\Common\Defs.h">
      <Filter>Common</Filter>
    </ClInclude>
    <ClInclude Include="..\..\..\Common\DynamicBuffer.h">
      <Filter>Common</Filter>
    </ClInclude>
    <ClInclude Include="..\..\..\Common\IntToString.h">
      <Filter>Common</Filter>
    </ClInclude>
    <ClInclude Include="..\..\..\Common\ListFileUtils.h">
      <Filter>Common</Filter>
    </ClInclude>
    <ClInclude Include="..\..\..\Common\MyCom.h">
      <Filter>Common</Filter>
    </ClInclude>
    <ClInclude Include="..\..\..\Common\MyException.h">
      <Filter>Common</Filter>
    </ClInclude>
    <ClInclude Include="..\..\..\Common\MyGuidDef.h">
      <Filter>Common</Filter>
    </ClInclude>
    <ClInclude Include="..\..\..\Common\MyInitGuid.h">
      <Filter>Common</Filter>
    </ClInclude>
    <ClInclude Include="..\..\..\Common\MyString.h">
      <Filter>Common</Filter>
    </ClInclude>
    <ClInclude Include="..\..\..\Common\MyUnknown.h">
      <Filter>Common</Filter>
    </ClInclude>
    <ClInclude Include="..\..\..\Common\MyVector.h">
      <Filter>Common</Filter>
    </ClInclude>
    <ClInclude Include="..\..\..\Common\NewHandler.h">
      <Filter>Common</Filter>
    </ClInclude>
    <ClInclude Include="..\..\..\Common\StringConvert.h">
      <Filter>Common</Filter>
    </ClInclude>
    <ClInclude Include="..\..\..\Common\StringToInt.h">
      <Filter>Common</Filter>
    </ClInclude>
    <ClInclude Include="..\..\..\Common\Types.h">
      <Filter>Common</Filter>
    </ClInclude>
    <ClInclude Include="..\..\..\Common\UTFConvert.h">
      <Filter>Common</Filter>
    </ClInclude>
    <ClInclude Include="..\..\..\Common\Wildcard.h">
      <Filter>Common</Filter>
    </ClInclude>
    <ClInclude Include="..\..\..\Windows\Defs.h">
      <Filter>Windows</Filter>
    </ClInclude>
    <ClInclude Include="..\..\..\Windows\Device.h">
      <Filter>Windows</Filter>
    </ClInclude>
    <ClInclude Include="..\..\..\Windows\DLL.h">
      <Filter>Windows</Filter>
    </ClInclude>
    <ClInclude Include="..\..\..\Windows\FileDir.h">
      <Filter>Windows</Filter>
    </ClInclude>
    <ClInclude Include="..\..\..\Windows\FileFind.h">
      <Filter>Windows</Filter>
    </ClInclude>
    <ClInclude Include="..\..\..\Windows\FileIO.h">
      <Filter>Windows</Filter>
    </ClInclude>
    <ClInclude Include="..\..\..\Windows\FileName.h">
      <Filter>Windows</Filter>
    </ClInclude>
    <ClInclude Include="..\..\..\Windows\Handle.h">
      <Filter>Windows</Filter>
    </ClInclude>
    <ClInclude Include="..\..\..\Windows\MemoryLock.h">
      <Filter>Windows</Filter>
    </ClInclude>
    <ClInclude Include="..\..\..\Windows\PropVariant.h">
      <Filter>Windows</Filter>
    </ClInclude>
    <ClInclude Include="..\..\..\Windows\Synchronization.h">
      <Filter>Windows</Filter>
    </ClInclude>
    <ClInclude Include="..\..\..\Windows\System.h">
      <Filter>Windows</Filter>
    </ClInclude>
    <ClInclude Include="..\..\..\Windows\Thread.h">
      <Filter>Windows</Filter>
    </ClInclude>
    <ClInclude Include="..\..\Common\CreateCoder.h">
      <Filter>7zip Common</Filter>
    </ClInclude>
    <ClInclude Include="..\..\Archive\Common\CrossThreadProgress.h">
      <Filter>7zip Common</Filter>
    </ClInclude>
    <ClInclude Include="..\..\Common\CWrappers.h">
      <Filter>7zip Common</Filter>
    </ClInclude>
    <ClInclude Include="..\..\Common\FilePathAutoRename.h">
      <Filter>7zip Common</Filter>
    </ClInclude>
    <ClInclude Include="..\..\Common\FileStreams.h">
      <Filter>7zip Common</Filter>
    </ClInclude>
    <ClInclude Include="..\..\Common\FilterCoder.h">
      <Filter>7zip Common</Filter>
    </ClInclude>
    <ClInclude Include="..\..\Common\InBuffer.h">
      <Filter>7zip Common</Filter>
    </ClInclude>
    <ClInclude Include="..\..\Common\InOutTempBuffer.h">
      <Filter>7zip Common</Filter>
    </ClInclude>
    <ClInclude Include="..\..\Common\LimitedStreams.h">
      <Filter>7zip Common</Filter>
    </ClInclude>
    <ClInclude Include="..\..\Common\LockedStream.h">
      <Filter>7zip Common</Filter>
    </ClInclude>
    <ClInclude Include="..\..\Common\MethodId.h">
      <Filter>7zip Common</Filter>
    </ClInclude>
    <ClInclude Include="..\..\Common\MethodProps.h">
      <Filter>7zip Common</Filter>
    </ClInclude>
    <ClInclude Include="..\..\Common\OffsetStream.h">
      <Filter>7zip Common</Filter>
    </ClInclude>
    <ClInclude Include="..\..\Common\OutBuffer.h">
      <Filter>7zip Common</Filter>
    </ClInclude>
    <ClInclude Include="..\..\Common\OutMemStream.h">
      <Filter>7zip Common</Filter>
    </ClInclude>
    <ClInclude Include="..\..\Common\ProgressMt.h">
      <Filter>7zip Common</Filter>
    </ClInclude>
    <ClInclude Include="..\..\Common\ProgressUtils.h">
      <Filter>7zip Common</Filter>
    </ClInclude>
    <ClInclude Include="..\..\Common\StreamBinder.h">
      <Filter>7zip Common</Filter>
    </ClInclude>
    <ClInclude Include="..\..\Common\StreamObjects.h">
      <Filter>7zip Common</Filter>
    </ClInclude>
    <ClInclude Include="..\..\Common\StreamUtils.h">
      <Filter>7zip Common</Filter>
    </ClInclude>
    <ClInclude Include="..\..\Common\VirtThread.h">
      <Filter>7zip Common</Filter>
    </ClInclude>
    <ClInclude Include="..\..\Compress\Bcj2Coder.h">
      <Filter>Compress</Filter>
    </ClInclude>
    <ClInclude Include="..\..\Compress\BcjCoder.h">
      <Filter>Compress</Filter>
    </ClInclude>
    <ClInclude Include="..\..\Compress\BitlDecoder.h">
      <Filter>Compress</Filter>
    </ClInclude>
    <ClInclude Include="..\..\Compress\BitlEncoder.h">
      <Filter>Compress</Filter>
    </ClInclude>
    <ClInclude Include="..\..\Compress\BitmDecoder.h">
      <Filter>Compress</Filter>
    </ClInclude>
    <ClInclude Include="..\..\Compress\BitmEncoder.h">
      <Filter>Compress</Filter>
    </ClInclude>
    <ClInclude Include="..\..\Compress\BranchMisc.h">
      <Filter>Compress</Filter>
    </ClInclude>
    <ClInclude Include="..\..\Compress\ByteSwap.h">
      <Filter>Compress</Filter>
    </ClInclude>
    <ClInclude Include="..\..\Compress\LzOutWindow.h">
      <Filter>Compress</Filter>
    </ClInclude>
    <ClInclude Include="..\..\Compress\BZip2Crc.h">
      <Filter>Compress\BZip2</Filter>
    </ClInclude>
    <ClInclude Include="..\..\Compress\BZip2Decoder.h">
      <Filter>Compress\BZip2</Filter>
    </ClInclude>
    <ClInclude Include="..\..\Compress\BZip2Encoder.h">
      <Filter>Compress\BZip2</Filter>
    </ClInclude>
    <ClInclude Include="..\..\Compress\CopyCoder.h">
      <Filter>Compress\Copy</Filter>
    </ClInclude>
    <ClInclude Include="..\..\Compress\DeflateConst.h">
      <Filter>Compress\Deflate</Filter>
    </ClInclude>
    <ClInclude Include="..\..\Compress\DeflateDecoder.h">
      <Filter>Compress\Deflate</Filter>
    </ClInclude>
    <ClInclude Include="..\..\Compress\DeflateEncoder.h">
      <Filter>Compress\Deflate</Filter>
    </ClInclude>
    <ClInclude Include="..\..\Compress\DeflateExtConst.h">
      <Filter>Compress\Deflate</Filter>
    </ClInclude>
    <ClInclude Include="..\..\Compress\HuffmanDecoder.h">
      <Filter>Compress\Huffman</Filter>
    </ClInclude>
    <ClInclude Include="..\..\Compress\ImplodeDecoder.h">
      <Filter>Compress\Implode</Filter>
    </ClInclude>
    <ClInclude Include="..\..\Compress\ImplodeHuffmanDecoder.h">
      <Filter>Compress\Implode</Filter>
    </ClInclude>
    <ClInclude Include="..\..\Compress\Lzma2Decoder.h">
      <Filter>Compress\LZMA</Filter>
    </ClInclude>
    <ClInclude Include="..\..\Compress\Lzma2Encoder.h">
      <Filter>Compress\LZMA</Filter>
    </ClInclude>
    <ClInclude Include="..\..\Compress\LzmaDecoder.h">
      <Filter>Compress\LZMA</Filter>
    </ClInclude>
    <ClInclude Include="..\..\Compress\LzmaEncoder.h">
      <Filter>Compress\LZMA</Filter>
    </ClInclude>
    <ClInclude Include="..\..\Compress\PpmdContext.h">
      <Filter>Compress\PPMd</Filter>
    </ClInclude>
    <ClInclude Include="..\..\Compress\PpmdDecode.h">
      <Filter>Compress\PPMd</Filter>
    </ClInclude>
    <ClInclude Include="..\..\Compress\PpmdDecoder.h">
      <Filter>Compress\PPMd</Filter>
    </ClInclude>
    <ClInclude Include="..\..\Compress\PpmdEncode.h">
      <Filter>Compress\PPMd</Filter>
    </ClInclude>
    <ClInclude Include="..\..\Compress\PpmdEncoder.h">
      <Filter>Compress\PPMd</Filter>
    </ClInclude>
    <ClInclude Include="..\..\Compress\PpmdSubAlloc.h">
      <Filter>Compress\PPMd</Filter>
    </ClInclude>
    <ClInclude Include="..\..\Compress\PpmdType.h">
      <Filter>Compress\PPMd</Filter>
    </ClInclude>
    <ClInclude Include="..\..\Compress\PpmdZip.h">
      <Filter>Compress\PPMd</Filter>
    </ClInclude>
    <ClInclude Include="..\..\Compress\RangeCoder.h">
      <Filter>Compress\RangeCoder</Filter>
    </ClInclude>
    <ClInclude Include="..\..\Compress\RangeCoderBit.h">
      <Filter>Compress\RangeCoder</Filter>
    </ClInclude>
    <ClInclude Include="..\..\Compress\RangeCoderBitTree.h">
      <Filter>Compress\RangeCoder</Filter>
    </ClInclude>
    <ClInclude Include="..\..\Compress\RangeCoderOpt.h">
      <Filter>Compress\RangeCoder</Filter>
    </ClInclude>
    <ClInclude Include="..\..\Compress\ShrinkDecoder.h">
      <Filter>Compress\Shrink</Filter>
    </ClInclude>
    <ClInclude Include="..\..\Compress\ZDecoder.h">
      <Filter>Compress\Z</Filter>
    </ClInclude>
    <ClInclude Include="..\..\Compress\Mtf8.h">
      <Filter>Compress\BWT</Filter>
    </ClInclude>
    <ClInclude Include="..\..\Compress\Lzx.h">
      <Filter>Compress\LZX</Filter>
    </ClInclude>
    <ClInclude Include="..\..\Compress\LzxDecoder.h">
      <Filter>Compress\LZX</Filter>
    </ClInclude>
    <ClInclude Include="..\..\Compress\QuantumDecoder.h">
      <Filter>Compress\Quantum</Filter>
    </ClInclude>
    <ClInclude Include="..\..\Archive\DeflateProps.h">
      <Filter>Archive</Filter>
    </ClInclude>
    <ClInclude Include="..\..\Archive\7z\7zCompressionMode.h">
      <Filter>Archive\7z</Filter>
    </ClInclude>
    <ClInclude Include="..\..\Archive\7z\7zDecode.h">
      <Filter>Archive\7z</Filter>
    </ClInclude>
    <ClInclude Include="..\..\Archive\7z\7zEncode.h">
      <Filter>Archive\7z</Filter>
    </ClInclude>
    <ClInclude Include="..\..\Archive\7z\7zFolderInStream.h">
      <Filter>Archive\7z</Filter>
    </ClInclude>
    <ClInclude Include="..\..\Archive\7z\7zFolderOutStream.h">
      <Filter>Archive\7z</Filter>
    </ClInclude>
    <ClInclude Include="..\..\Archive\7z\7zHandler.h">
      <Filter>Archive\7z</Filter>
    </ClInclude>
    <ClInclude Include="..\..\Archive\7z\7zHeader.h">
      <Filter>Archive\7z</Filter>
    </ClInclude>
    <ClInclude Include="..\..\Archive\7z\7zIn.h">
      <Filter>Archive\7z</Filter>
    </ClInclude>
    <ClInclude Include="..\..\Archive\7z\7zItem.h">
      <Filter>Archive\7z</Filter>
    </ClInclude>
    <ClInclude Include="..\..\Archive\7z\7zOut.h">
      <Filter>Archive\7z</Filter>
    </ClInclude>
    <ClInclude Include="..\..\Archive\7z\7zProperties.h">
      <Filter>Archive\7z</Filter>
    </ClInclude>
    <ClInclude Include="..\..\Archive\7z\7zSpecStream.h">
      <Filter>Archive\7z</Filter>
    </ClInclude>
    <ClInclude Include="..\..\Archive\7z\7zUpdate.h">
      <Filter>Archive\7z</Filter>
    </ClInclude>
    <ClInclude Include="..\..\Archive\Zip\ZipAddCommon.h">
      <Filter>Archive\zip</Filter>
    </ClInclude>
    <ClInclude Include="..\..\Archive\Zip\ZipCompressionMode.h">
      <Filter>Archive\zip</Filter>
    </ClInclude>
    <ClInclude Include="..\..\Archive\Zip\ZipHandler.h">
      <Filter>Archive\zip</Filter>
    </ClInclude>
    <ClInclude Include="..\..\Archive\Zip\ZipHeader.h">
      <Filter>Archive\zip</Filter>
    </ClInclude>
    <ClInclude Include="..\..\Archive\Zip\ZipIn.h">
      <Filter>Archive\zip</Filter>
    </ClInclude>
    <ClInclude Include="..\..\Archive\Zip\ZipItem.h">
      <Filter>Archive\zip</Filter>
    </ClInclude>
    <ClInclude Include="..\..\Archive\Zip\ZipItemEx.h">
      <Filter>Archive\zip</Filter>
    </ClInclude>
    <ClInclude Include="..\..\Archive\Zip\ZipOut.h">
      <Filter>Archive\zip</Filter>
    </ClInclude>
    <ClInclude Include="..\..\Archive\Zip\ZipUpdate.h">
      <Filter>Archive\zip</Filter>
    </ClInclude>
    <ClInclude Include="..\..\Archive\Common\CoderLoader.h">
      <Filter>Archive\Archive Common</Filter>
    </ClInclude>
    <ClInclude Include="..\..\Archive\Common\CoderMixer2.h">
      <Filter>Archive\Archive Common</Filter>
    </ClInclude>
    <ClInclude Include="..\..\Archive\Common\DummyOutStream.h">
      <Filter>Archive\Archive Common</Filter>
    </ClInclude>
    <ClInclude Include="..\..\Archive\Common\FindSignature.h">
      <Filter>Archive\Archive Common</Filter>
    </ClInclude>
    <ClInclude Include="..\..\Archive\Common\HandlerOut.h">
      <Filter>Archive\Archive Common</Filter>
    </ClInclude>
    <ClInclude Include="..\..\Archive\Common\InStreamWithCRC.h">
      <Filter>Archive\Archive Common</Filter>
    </ClInclude>
    <ClInclude Include="..\..\Archive\Common\ItemNameUtils.h">
      <Filter>Archive\Archive Common</Filter>
    </ClInclude>
    <ClInclude Include="..\..\Archive\Common\MultiStream.h">
      <Filter>Archive\Archive Common</Filter>
    </ClInclude>
    <ClInclude Include="..\..\Archive\Common\OutStreamWithCRC.h">
      <Filter>Archive\Archive Common</Filter>
    </ClInclude>
    <ClInclude Include="..\..\Archive\Common\ParseProperties.h">
      <Filter>Archive\Archive Common</Filter>
    </ClInclude>
    <ClInclude Include="..\..\UI\Common\ArchiveCommandLine.h">
      <Filter>UI Common</Filter>
    </ClInclude>
    <ClInclude Include="..\..\UI\Common\ArchiveExtractCallback.h">
      <Filter>UI Common</Filter>
    </ClInclude>
    <ClInclude Include="..\..\UI\Common\ArchiveOpenCallback.h">
      <Filter>UI Common</Filter>
    </ClInclude>
    <ClInclude Include="..\..\UI\Common\DefaultName.h">
      <Filter>UI Common</Filter>
    </ClInclude>
    <ClInclude Include="..\..\UI\Common\EnumDirItems.h">
      <Filter>UI Common</Filter>
    </ClInclude>
    <ClInclude Include="..\..\UI\Common\Extract.h">
      <Filter>UI Common</Filter>
    </ClInclude>
    <ClInclude Include="..\..\UI\Common\ExtractingFilePath.h">
      <Filter>UI Common</Filter>
    </ClInclude>
    <ClInclude Include="..\..\UI\Common\LoadCodecs.h">
      <Filter>UI Common</Filter>
    </ClInclude>
    <ClInclude Include="..\..\UI\Common\OpenArchive.h">
      <Filter>UI Common</Filter>
    </ClInclude>
    <ClInclude Include="..\..\UI\Common\PropIDUtils.h">
      <Filter>UI Common</Filter>
    </ClInclude>
    <ClInclude Include="..\..\UI\Common\SetProperties.h">
      <Filter>UI Common</Filter>
    </ClInclude>
    <ClInclude Include="..\..\UI\Common\SortUtils.h">
      <Filter>UI Common</Filter>
    </ClInclude>
    <ClInclude Include="..\..\UI\Common\TempFiles.h">
      <Filter>UI Common</Filter>
    </ClInclude>
    <ClInclude Include="..\..\UI\Common\Update.h">
      <Filter>UI Common</Filter>
    </ClInclude>
    <ClInclude Include="..\..\UI\Common\UpdateAction.h">
      <Filter>UI Common</Filter>
    </ClInclude>
    <ClInclude Include="..\..\UI\Common\UpdateCallback.h">
      <Filter>UI Common</Filter>
    </ClInclude>
    <ClInclude Include="..\..\UI\Common\UpdatePair.h">
      <Filter>UI Common</Filter>
    </ClInclude>
    <ClInclude Include="..\..\UI\Common\UpdateProduce.h">
      <Filter>UI Common</Filter>
    </ClInclude>
    <ClInclude Include="..\..\Crypto\7zAes.h">
      <Filter>Crypto</Filter>
    </ClInclude>
    <ClInclude Include="..\..\Crypto\HmacSha1.h">
      <Filter>Crypto</Filter>
    </ClInclude>
    <ClInclude Include="..\..\Crypto\MyAes.h">
      <Filter>Crypto</Filter>
    </ClInclude>
    <ClInclude Include="..\..\Crypto\Pbkdf2HmacSha1.h">
      <Filter>Crypto</Filter>
    </ClInclude>
    <ClInclude Include="..\..\Crypto\RandGen.h">
      <Filter>Crypto</Filter>
    </ClInclude>
    <ClInclude Include="..\..\Crypto\WzAes.h">
      <Filter>Crypto</Filter>
    </ClInclude>
    <ClInclude Include="..\..\Crypto\ZipCrypto.h">
      <Filter>Crypto</Filter>
    </ClInclude>
    <ClInclude Include="..\..\Crypto\ZipStrong.h">
      <Filter>Crypto</Filter>
    </ClInclude>
    <ClInclude Include="..\..\ICoder.h">
      <Filter>7-zip</Filter>
    </ClInclude>
    <ClInclude Include="..\..\IMyUnknown.h">
      <Filter>7-zip</Filter>
    </ClInclude>
    <ClInclude Include="..\..\IPassword.h">
      <Filter>7-zip</Filter>
    </ClInclude>
    <ClInclude Include="..\..\IProgress.h">
      <Filter>7-zip</Filter>
    </ClInclude>
    <ClInclude Include="..\..\IStream.h">
      <Filter>7-zip</Filter>
    </ClInclude>
    <ClInclude Include="..\..\PropID.h">
      <Filter>7-zip</Filter>
    </ClInclude>
    <ClInclude Include="..\..\..\..\C\7zCrc.h">
      <Filter>C</Filter>
    </ClInclude>
    <ClInclude Include="..\..\..\..\C\Aes.h">
      <Filter>C</Filter>
    </ClInclude>
    <ClInclude Include="..\..\..\..\C\Alloc.h">
      <Filter>C</Filter>
    </ClInclude>
    <ClInclude Include="..\..\..\..\C\Bcj2.h">
      <Filter>C</Filter>
    </ClInclude>
    <ClInclude Include="..\..\..\..\C\Bra.h">
      <Filter>C</Filter>
    </ClInclude>
    <ClInclude Include="..\..\..\..\C\BwtSort.h">
      <Filter>C</Filter>
    </ClInclude>
    <ClInclude Include="..\..\..\..\C\CpuArch.h">
      <Filter>C</Filter>
    </ClInclude>
    <ClInclude Include="..\..\..\..\C\Delta.h">
      <Filter>C</Filter>
    </ClInclude>
    <ClInclude Include="..\..\..\..\C\HuffEnc.h">
      <Filter>C</Filter>
    </ClInclude>
    <ClInclude Include="..\..\..\..\C\IStream.h">
      <Filter>C</Filter>
    </ClInclude>
    <ClInclude Include="..\..\..\..\C\LzFind.h">
      <Filter>C</Filter>
    </ClInclude>
    <ClInclude Include="..\..\..\..\C\LzFindMt.h">
      <Filter>C</Filter>
    </ClInclude>
    <ClInclude Include="..\..\..\..\C\LzHash.h">
      <Filter>C</Filter>
    </ClInclude>
    <ClInclude Include="..\..\..\..\C\Lzma2Dec.h">
      <Filter>C</Filter>
    </ClInclude>
    <ClInclude Include="..\..\..\..\C\Lzma2Enc.h">
      <Filter>C</Filter>
    </ClInclude>
    <ClInclude Include="..\..\..\..\C\LzmaDec.h">
      <Filter>C</Filter>
    </ClInclude>
    <ClInclude Include="..\..\..\..\C\LzmaEnc.h">
      <Filter>C</Filter>
    </ClInclude>
    <ClInclude Include="..\..\..\..\C\MtCoder.h">
      <Filter>C</Filter>
    </ClInclude>
    <ClInclude Include="..\..\..\..\C\Ppmd.h">
      <Filter>C</Filter>
    </ClInclude>
    <ClInclude Include="..\..\..\..\C\Ppmd7.h">
      <Filter>C</Filter>
    </ClInclude>
    <ClInclude Include="..\..\..\..\C\Ppmd8.h">
      <Filter>C</Filter>
    </ClInclude>
    <ClInclude Include="..\..\..\..\C\RotateDefs.h">
      <Filter>C</Filter>
    </ClInclude>
    <ClInclude Include="..\..\..\..\C\Sha256.h">
      <Filter>C</Filter>
    </ClInclude>
    <ClInclude Include="..\..\..\..\C\Sort.h">
      <Filter>C</Filter>
    </ClInclude>
    <ClInclude Include="..\..\..\..\C\Threads.h">
      <Filter>C</Filter>
    </ClInclude>
    <ClInclude Include="..\..\..\..\C\Types.h">
      <Filter>C</Filter>
    </ClInclude>
    <ClInclude Include="..\..\..\..\C\Xz.h">
      <Filter>C\Xz</Filter>
    </ClInclude>
    <ClInclude Include="..\..\..\..\C\XzCrc64.h">
      <Filter>C\Xz</Filter>
    </ClInclude>
    <ClInclude Include="..\..\..\..\C\XzEnc.h">
      <Filter>C\Xz</Filter>
    </ClInclude>
    <ClInclude Include="..\..\..\Windows\ErrorMsg.h">
      <Filter>Windows</Filter>
    </ClInclude>
    <ClInclude Include="..\..\..\Windows\TimeUtils.h">
      <Filter>Windows</Filter>
    </ClInclude>
    <ClInclude Include="..\..\..\Windows\PropVariantConv.h">
      <Filter>Windows</Filter>
    </ClInclude>
    <ClInclude Include="..\..\..\Windows\FileSystem.h">
      <Filter>Windows</Filter>
    </ClInclude>
    <ClInclude Include="..\..\Common\RegisterArc.h">
      <Filter>7zip Common</Filter>
    </ClInclude>
    <ClInclude Include="..\..\Common\RegisterCodec.h">
      <Filter>7zip Common</Filter>
    </ClInclude>
    <ClInclude Include="..\..\Common\UniqBlocks.h">
      <Filter>7zip Common</Filter>
    </ClInclude>
    <ClInclude Include="..\..\UI\Common\HashCalc.h">
      <Filter>UI Common</Filter>
    </ClInclude>
    <ClInclude Include="ExtractCallbackConsole.h">
      <Filter>Spec</Filter>
    </ClInclude>
    <ClInclude Include="OpenCallbackConsole.h">
      <Filter>Spec</Filter>
    </ClInclude>
    <ClInclude Include="UpdateCallbackConsole.h">
      <Filter>Spec</Filter>
    </ClInclude>
    <ClInclude Include="..\..\Archive\IArchive.h">
      <Filter>Archive</Filter>
    </ClInclude>
    <ClInclude Include="..\..\UI\Console\ArError.h">
      <Filter>Console</Filter>
    </ClInclude>
    <ClInclude Include="..\..\Archive\Cab\CabBlockInStream.h">
      <Filter>Archive\cab</Filter>
    </ClInclude>
    <ClInclude Include="..\..\Archive\Cab\CabHandler.h">
      <Filter>Archive\cab</Filter>
    </ClInclude>
    <ClInclude Include="..\..\Archive\Cab\CabHeader.h">
      <Filter>Archive\cab</Filter>
    </ClInclude>
    <ClInclude Include="..\..\Archive\Cab\CabIn.h">
      <Filter>Archive\cab</Filter>
    </ClInclude>
    <ClInclude Include="..\..\Archive\Cab\CabItem.h">
      <Filter>Archive\cab</Filter>
    </ClInclude>
    <ClInclude Include="..\..\Archive\Tar\TarUpdate.h">
      <Filter>Archive\tar</Filter>
    </ClInclude>
    <ClInclude Include="..\..\Archive\Tar\TarHandler.h">
      <Filter>Archive\tar</Filter>
    </ClInclude>
    <ClInclude Include="..\..\Archive\Tar\TarHeader.h">
      <Filter>Archive\tar</Filter>
    </ClInclude>
    <ClInclude Include="..\..\Archive\Tar\TarIn.h">
      <Filter>Archive\tar</Filter>
    </ClInclude>
    <ClInclude Include="..\..\Archive\Tar\TarItem.h">
      <Filter>Archive\tar</Filter>
    </ClInclude>
    <ClInclude Include="..\..\Archive\Tar\TarOut.h">
      <Filter>Archive\tar</Filter>
    </ClInclude>
    <ClInclude Include="..\..\UI\Console\CompressionMode.h">
      <Filter>Console</Filter>
    </ClInclude>
    <ClInclude Include="..\..\..\..\C\Sha1.h">
      <Filter>C</Filter>
    </ClInclude>
    <ClInclude Include="..\..\..\Common\StdInStream.h">
      <Filter>Common</Filter>
    </ClInclude>
    <ClInclude Include="ConsoleClose.h">
      <Filter>Spec</Filter>
    </ClInclude>
    <ClInclude Include="HashCon.h">
      <Filter>Console</Filter>
    </ClInclude>
    <ClInclude Include="..\..\..\Windows\FileMapping.h">
      <Filter>Windows</Filter>
    </ClInclude>
    <ClInclude Include="..\..\UI\Common\DirItem.h">
      <Filter>UI Common</Filter>
    </ClInclude>
    <ClInclude Include="..\..\UI\Common\IFileExtractCallback.h">
      <Filter>UI Common</Filter>
    </ClInclude>
    <ClInclude Include="..\..\UI\Common\Property.h">
      <Filter>UI Common</Filter>
    </ClInclude>
    <ClInclude Include="..\..\UI\Common\ZipRegistry.h">
      <Filter>UI Common</Filter>
    </ClInclude>
    <ClInclude Include="..\..\..\Windows\NtCheck.h">
      <Filter>Windows</Filter>
    </ClInclude>
    <ClInclude Include="..\..\..\Windows\Registry.h">
      <Filter>Windows</Filter>
    </ClInclude>
    <ClInclude Include="..\..\IDecl.h">
      <Filter>7-zip</Filter>
    </ClInclude>
    <ClInclude Include="..\..\UI\Common\ExitCode.h">
      <Filter>UI Common</Filter>
    </ClInclude>
    <ClInclude Include="..\..\UI\Common\ExtractMode.h">
      <Filter>UI Common</Filter>
    </ClInclude>
    <ClInclude Include="..\..\..\Common\Common.h">
      <Filter>Common</Filter>
    </ClInclude>
    <ClInclude Include="..\..\..\Common\MyBuffer.h">
      <Filter>Common</Filter>
    </ClInclude>
    <ClInclude Include="..\..\..\Common\MyTypes.h">
      <Filter>Common</Filter>
    </ClInclude>
    <ClInclude Include="..\..\..\..\C\7zTypes.h">
      <Filter>C</Filter>
    </ClInclude>
  </ItemGroup>
  <ItemGroup>
    <ClCompile Include="7-zip32.cpp">
      <Filter>Spec</Filter>
    </ClCompile>
    <ClCompile Include="ArchiveExtractCallback.cpp">
      <Filter>Spec</Filter>
    </ClCompile>
    <ClCompile Include="ConsoleClose.cpp">
      <Filter>Spec</Filter>
    </ClCompile>
    <ClCompile Include="Dialog.cpp">
      <Filter>Spec</Filter>
    </ClCompile>
    <ClCompile Include="ExtractCallbackConsole.cpp">
      <Filter>Spec</Filter>
    </ClCompile>
    <ClCompile Include="Main.cpp">
      <Filter>Spec</Filter>
    </ClCompile>
    <ClCompile Include="MainAr.cpp">
      <Filter>Spec</Filter>
    </ClCompile>
    <ClCompile Include="MyOpenArchive.cpp">
      <Filter>Spec</Filter>
    </ClCompile>
    <ClCompile Include="OpenCallbackConsole.cpp">
      <Filter>Spec</Filter>
    </ClCompile>
    <ClCompile Include="SplitCmdLine.cpp">
      <Filter>Spec</Filter>
    </ClCompile>
    <ClCompile Include="StdAfx.cpp">
      <Filter>Spec</Filter>
    </ClCompile>
    <ClCompile Include="Common\StdOutStream.cpp">
      <Filter>Spec</Filter>
    </ClCompile>
    <ClCompile Include="UpdateCallback.cpp">
      <Filter>Spec</Filter>
    </ClCompile>
    <ClCompile Include="UpdateCallbackConsole.cpp">
      <Filter>Spec</Filter>
    </ClCompile>
    <ClCompile Include="..\..\..\Common\CommandLineParser.cpp">
      <Filter>Common</Filter>
    </ClCompile>
    <ClCompile Include="..\..\..\Common\CRC.cpp">
      <Filter>Common</Filter>
    </ClCompile>
    <ClCompile Include="..\..\..\Common\IntToString.cpp">
      <Filter>Common</Filter>
    </ClCompile>
    <ClCompile Include="..\..\..\Common\ListFileUtils.cpp">
      <Filter>Common</Filter>
    </ClCompile>
    <ClCompile Include="..\..\..\Common\MyString.cpp">
      <Filter>Common</Filter>
    </ClCompile>
    <ClCompile Include="..\..\..\Common\MyVector.cpp">
      <Filter>Common</Filter>
    </ClCompile>
    <ClCompile Include="..\..\..\Common\NewHandler.cpp">
      <Filter>Common</Filter>
    </ClCompile>
    <ClCompile Include="..\..\..\Common\StringConvert.cpp">
      <Filter>Common</Filter>
    </ClCompile>
    <ClCompile Include="..\..\..\Common\StringToInt.cpp">
      <Filter>Common</Filter>
    </ClCompile>
    <ClCompile Include="..\..\..\Common\UTFConvert.cpp">
      <Filter>Common</Filter>
    </ClCompile>
    <ClCompile Include="..\..\..\Common\Wildcard.cpp">
      <Filter>Common</Filter>
    </ClCompile>
    <ClCompile Include="..\..\..\Windows\DLL.cpp">
      <Filter>Windows</Filter>
    </ClCompile>
    <ClCompile Include="..\..\..\Windows\FileDir.cpp">
      <Filter>Windows</Filter>
    </ClCompile>
    <ClCompile Include="..\..\..\Windows\FileFind.cpp">
      <Filter>Windows</Filter>
    </ClCompile>
    <ClCompile Include="..\..\..\Windows\FileIO.cpp">
      <Filter>Windows</Filter>
    </ClCompile>
    <ClCompile Include="..\..\..\Windows\FileName.cpp">
      <Filter>Windows</Filter>
    </ClCompile>
    <ClCompile Include="..\..\..\Windows\MemoryLock.cpp">
      <Filter>Windows</Filter>
    </ClCompile>
    <ClCompile Include="..\..\..\Windows\PropVariant.cpp">
      <Filter>Windows</Filter>
    </ClCompile>
    <ClCompile Include="..\..\..\Windows\System.cpp">
      <Filter>Windows</Filter>
    </ClCompile>
    <ClCompile Include="..\..\Common\CreateCoder.cpp">
      <Filter>7zip Common</Filter>
    </ClCompile>
    <ClCompile Include="..\..\Archive\Common\CrossThreadProgress.cpp">
      <Filter>7zip Common</Filter>
    </ClCompile>
    <ClCompile Include="..\..\Common\CWrappers.cpp">
      <Filter>7zip Common</Filter>
    </ClCompile>
    <ClCompile Include="..\..\Common\FilePathAutoRename.cpp">
      <Filter>7zip Common</Filter>
    </ClCompile>
    <ClCompile Include="..\..\Common\FileStreams.cpp">
      <Filter>7zip Common</Filter>
    </ClCompile>
    <ClCompile Include="..\..\Common\FilterCoder.cpp">
      <Filter>7zip Common</Filter>
    </ClCompile>
    <ClCompile Include="..\..\Common\InBuffer.cpp">
      <Filter>7zip Common</Filter>
    </ClCompile>
    <ClCompile Include="..\..\Common\InOutTempBuffer.cpp">
      <Filter>7zip Common</Filter>
    </ClCompile>
    <ClCompile Include="..\..\Common\LimitedStreams.cpp">
      <Filter>7zip Common</Filter>
    </ClCompile>
    <ClCompile Include="..\..\Common\LockedStream.cpp">
      <Filter>7zip Common</Filter>
    </ClCompile>
    <ClCompile Include="..\..\Common\MemBlocks.cpp">
      <Filter>7zip Common</Filter>
    </ClCompile>
    <ClCompile Include="..\..\Common\MethodId.cpp">
      <Filter>7zip Common</Filter>
    </ClCompile>
    <ClCompile Include="..\..\Common\MethodProps.cpp">
      <Filter>7zip Common</Filter>
    </ClCompile>
    <ClCompile Include="..\..\Common\OffsetStream.cpp">
      <Filter>7zip Common</Filter>
    </ClCompile>
    <ClCompile Include="..\..\Common\OutBuffer.cpp">
      <Filter>7zip Common</Filter>
    </ClCompile>
    <ClCompile Include="..\..\Common\OutMemStream.cpp">
      <Filter>7zip Common</Filter>
    </ClCompile>
    <ClCompile Include="..\..\Common\ProgressMt.cpp">
      <Filter>7zip Common</Filter>
    </ClCompile>
    <ClCompile Include="..\..\Common\ProgressUtils.cpp">
      <Filter>7zip Common</Filter>
    </ClCompile>
    <ClCompile Include="..\..\Common\StreamBinder.cpp">
      <Filter>7zip Common</Filter>
    </ClCompile>
    <ClCompile Include="..\..\Common\StreamObjects.cpp">
      <Filter>7zip Common</Filter>
    </ClCompile>
    <ClCompile Include="..\..\Common\StreamUtils.cpp">
      <Filter>7zip Common</Filter>
    </ClCompile>
    <ClCompile Include="..\..\Common\VirtThread.cpp">
      <Filter>7zip Common</Filter>
    </ClCompile>
    <ClCompile Include="..\..\Compress\Bcj2Coder.cpp">
      <Filter>Compress</Filter>
    </ClCompile>
    <ClCompile Include="..\..\Compress\Bcj2Register.cpp">
      <Filter>Compress</Filter>
    </ClCompile>
    <ClCompile Include="..\..\Compress\BcjCoder.cpp">
      <Filter>Compress</Filter>
    </ClCompile>
    <ClCompile Include="..\..\Compress\BcjRegister.cpp">
      <Filter>Compress</Filter>
    </ClCompile>
    <ClCompile Include="..\..\Compress\BitlDecoder.cpp">
      <Filter>Compress</Filter>
    </ClCompile>
    <ClCompile Include="..\..\Compress\BranchMisc.cpp">
      <Filter>Compress</Filter>
    </ClCompile>
    <ClCompile Include="..\..\Compress\BranchRegister.cpp">
      <Filter>Compress</Filter>
    </ClCompile>
    <ClCompile Include="..\..\Compress\ByteSwap.cpp">
      <Filter>Compress</Filter>
    </ClCompile>
    <ClCompile Include="..\..\Compress\DeltaFilter.cpp">
      <Filter>Compress</Filter>
    </ClCompile>
    <ClCompile Include="..\..\Compress\LzOutWindow.cpp">
      <Filter>Compress</Filter>
    </ClCompile>
    <ClCompile Include="..\..\Compress\BZip2Crc.cpp">
      <Filter>Compress\BZip2</Filter>
    </ClCompile>
    <ClCompile Include="..\..\Compress\BZip2Decoder.cpp">
      <Filter>Compress\BZip2</Filter>
    </ClCompile>
    <ClCompile Include="..\..\Compress\BZip2Encoder.cpp">
      <Filter>Compress\BZip2</Filter>
    </ClCompile>
    <ClCompile Include="..\..\Compress\BZip2Register.cpp">
      <Filter>Compress\BZip2</Filter>
    </ClCompile>
    <ClCompile Include="..\..\Compress\CopyCoder.cpp">
      <Filter>Compress\Copy</Filter>
    </ClCompile>
    <ClCompile Include="..\..\Compress\CopyRegister.cpp">
      <Filter>Compress\Copy</Filter>
    </ClCompile>
    <ClCompile Include="..\..\Compress\Deflate64Register.cpp">
      <Filter>Compress\Deflate</Filter>
    </ClCompile>
    <ClCompile Include="..\..\Compress\DeflateDecoder.cpp">
      <Filter>Compress\Deflate</Filter>
    </ClCompile>
    <ClCompile Include="..\..\Compress\DeflateEncoder.cpp">
      <Filter>Compress\Deflate</Filter>
    </ClCompile>
    <ClCompile Include="..\..\Compress\DeflateRegister.cpp">
      <Filter>Compress\Deflate</Filter>
    </ClCompile>
    <ClCompile Include="..\..\Compress\ImplodeDecoder.cpp">
      <Filter>Compress\Implode</Filter>
    </ClCompile>
    <ClCompile Include="..\..\Compress\ImplodeHuffmanDecoder.cpp">
      <Filter>Compress\Implode</Filter>
    </ClCompile>
    <ClCompile Include="..\..\Compress\Lzma2Decoder.cpp">
      <Filter>Compress\LZMA</Filter>
    </ClCompile>
    <ClCompile Include="..\..\Compress\Lzma2Encoder.cpp">
      <Filter>Compress\LZMA</Filter>
    </ClCompile>
    <ClCompile Include="..\..\Compress\Lzma2Register.cpp">
      <Filter>Compress\LZMA</Filter>
    </ClCompile>
    <ClCompile Include="..\..\Compress\LzmaDecoder.cpp">
      <Filter>Compress\LZMA</Filter>
    </ClCompile>
    <ClCompile Include="..\..\Compress\LzmaEncoder.cpp">
      <Filter>Compress\LZMA</Filter>
    </ClCompile>
    <ClCompile Include="..\..\Compress\LzmaRegister.cpp">
      <Filter>Compress\LZMA</Filter>
    </ClCompile>
    <ClCompile Include="..\..\Compress\PpmdDecoder.cpp">
      <Filter>Compress\PPMd</Filter>
    </ClCompile>
    <ClCompile Include="..\..\Compress\PpmdEncoder.cpp">
      <Filter>Compress\PPMd</Filter>
    </ClCompile>
    <ClCompile Include="..\..\Compress\PpmdRegister.cpp">
      <Filter>Compress\PPMd</Filter>
    </ClCompile>
    <ClCompile Include="..\..\Compress\PpmdZip.cpp">
      <Filter>Compress\PPMd</Filter>
    </ClCompile>
    <ClCompile Include="..\..\Compress\ShrinkDecoder.cpp">
      <Filter>Compress\Shrink</Filter>
    </ClCompile>
    <ClCompile Include="..\..\Compress\ZDecoder.cpp">
      <Filter>Compress\Z</Filter>
    </ClCompile>
    <ClCompile Include="..\..\Compress\LzxDecoder.cpp">
      <Filter>Compress\LZX</Filter>
    </ClCompile>
    <ClCompile Include="..\..\Compress\QuantumDecoder.cpp">
      <Filter>Compress\Quantum</Filter>
    </ClCompile>
    <ClCompile Include="..\..\Archive\Bz2Handler.cpp">
      <Filter>Archive</Filter>
    </ClCompile>
    <ClCompile Include="..\..\Archive\DeflateProps.cpp">
      <Filter>Archive</Filter>
    </ClCompile>
    <ClCompile Include="..\..\Archive\GzHandler.cpp">
      <Filter>Archive</Filter>
    </ClCompile>
    <ClCompile Include="..\..\Archive\LzmaHandler.cpp">
      <Filter>Archive</Filter>
    </ClCompile>
    <ClCompile Include="..\..\Archive\SplitHandler.cpp">
      <Filter>Archive</Filter>
    </ClCompile>
    <ClCompile Include="..\..\Archive\XzHandler.cpp">
      <Filter>Archive</Filter>
    </ClCompile>
    <ClCompile Include="..\..\Archive\ZHandler.cpp">
      <Filter>Archive</Filter>
    </ClCompile>
    <ClCompile Include="..\..\Archive\7z\7zCompressionMode.cpp">
      <Filter>Archive\7z</Filter>
    </ClCompile>
    <ClCompile Include="..\..\Archive\7z\7zDecode.cpp">
      <Filter>Archive\7z</Filter>
    </ClCompile>
    <ClCompile Include="..\..\Archive\7z\7zEncode.cpp">
      <Filter>Archive\7z</Filter>
    </ClCompile>
    <ClCompile Include="..\..\Archive\7z\7zExtract.cpp">
      <Filter>Archive\7z</Filter>
    </ClCompile>
    <ClCompile Include="..\..\Archive\7z\7zFolderInStream.cpp">
      <Filter>Archive\7z</Filter>
    </ClCompile>
    <ClCompile Include="..\..\Archive\7z\7zFolderOutStream.cpp">
      <Filter>Archive\7z</Filter>
    </ClCompile>
    <ClCompile Include="..\..\Archive\7z\7zHandler.cpp">
      <Filter>Archive\7z</Filter>
    </ClCompile>
    <ClCompile Include="..\..\Archive\7z\7zHandlerOut.cpp">
      <Filter>Archive\7z</Filter>
    </ClCompile>
    <ClCompile Include="..\..\Archive\7z\7zHeader.cpp">
      <Filter>Archive\7z</Filter>
    </ClCompile>
    <ClCompile Include="..\..\Archive\7z\7zIn.cpp">
      <Filter>Archive\7z</Filter>
    </ClCompile>
    <ClCompile Include="..\..\Archive\7z\7zOut.cpp">
      <Filter>Archive\7z</Filter>
    </ClCompile>
    <ClCompile Include="..\..\Archive\7z\7zProperties.cpp">
      <Filter>Archive\7z</Filter>
    </ClCompile>
    <ClCompile Include="..\..\Archive\7z\7zRegister.cpp">
      <Filter>Archive\7z</Filter>
    </ClCompile>
    <ClCompile Include="..\..\Archive\7z\7zSpecStream.cpp">
      <Filter>Archive\7z</Filter>
    </ClCompile>
    <ClCompile Include="..\..\Archive\7z\7zUpdate.cpp">
      <Filter>Archive\7z</Filter>
    </ClCompile>
    <ClCompile Include="..\..\Archive\Zip\ZipAddCommon.cpp">
      <Filter>Archive\zip</Filter>
    </ClCompile>
    <ClCompile Include="..\..\Archive\Zip\ZipHandler.cpp">
      <Filter>Archive\zip</Filter>
    </ClCompile>
    <ClCompile Include="..\..\Archive\Zip\ZipHandlerOut.cpp">
      <Filter>Archive\zip</Filter>
    </ClCompile>
    <ClCompile Include="..\..\Archive\Zip\ZipIn.cpp">
      <Filter>Archive\zip</Filter>
    </ClCompile>
    <ClCompile Include="..\..\Archive\Zip\ZipItem.cpp">
      <Filter>Archive\zip</Filter>
    </ClCompile>
    <ClCompile Include="..\..\Archive\Zip\ZipOut.cpp">
      <Filter>Archive\zip</Filter>
    </ClCompile>
    <ClCompile Include="..\..\Archive\Zip\ZipRegister.cpp">
      <Filter>Archive\zip</Filter>
    </ClCompile>
    <ClCompile Include="..\..\Archive\Zip\ZipUpdate.cpp">
      <Filter>Archive\zip</Filter>
    </ClCompile>
    <ClCompile Include="..\..\Archive\Common\CoderMixer2.cpp">
      <Filter>Archive\Archive Common</Filter>
    </ClCompile>
    <ClCompile Include="..\..\Archive\Common\DummyOutStream.cpp">
      <Filter>Archive\Archive Common</Filter>
    </ClCompile>
    <ClCompile Include="..\..\Archive\Common\FindSignature.cpp">
      <Filter>Archive\Archive Common</Filter>
    </ClCompile>
    <ClCompile Include="..\..\Archive\Common\HandlerOut.cpp">
      <Filter>Archive\Archive Common</Filter>
    </ClCompile>
    <ClCompile Include="..\..\Archive\Common\InStreamWithCRC.cpp">
      <Filter>Archive\Archive Common</Filter>
    </ClCompile>
    <ClCompile Include="..\..\Archive\Common\ItemNameUtils.cpp">
      <Filter>Archive\Archive Common</Filter>
    </ClCompile>
    <ClCompile Include="..\..\Archive\Common\MultiStream.cpp">
      <Filter>Archive\Archive Common</Filter>
    </ClCompile>
    <ClCompile Include="..\..\Archive\Common\OutStreamWithCRC.cpp">
      <Filter>Archive\Archive Common</Filter>
    </ClCompile>
    <ClCompile Include="..\..\Archive\Common\ParseProperties.cpp">
      <Filter>Archive\Archive Common</Filter>
    </ClCompile>
    <ClCompile Include="..\..\UI\Common\ArchiveCommandLine.cpp">
      <Filter>UI Common</Filter>
    </ClCompile>
    <ClCompile Include="..\..\UI\Common\ArchiveOpenCallback.cpp">
      <Filter>UI Common</Filter>
    </ClCompile>
    <ClCompile Include="..\..\UI\Common\DefaultName.cpp">
      <Filter>UI Common</Filter>
    </ClCompile>
    <ClCompile Include="..\..\UI\Common\EnumDirItems.cpp">
      <Filter>UI Common</Filter>
    </ClCompile>
    <ClCompile Include="..\..\UI\Common\Extract.cpp">
      <Filter>UI Common</Filter>
    </ClCompile>
    <ClCompile Include="..\..\UI\Common\ExtractingFilePath.cpp">
      <Filter>UI Common</Filter>
    </ClCompile>
    <ClCompile Include="..\..\UI\Common\LoadCodecs.cpp">
      <Filter>UI Common</Filter>
    </ClCompile>
    <ClCompile Include="..\..\UI\Common\OpenArchive.cpp">
      <Filter>UI Common</Filter>
    </ClCompile>
    <ClCompile Include="..\..\UI\Common\PropIDUtils.cpp">
      <Filter>UI Common</Filter>
    </ClCompile>
    <ClCompile Include="..\..\UI\Common\SetProperties.cpp">
      <Filter>UI Common</Filter>
    </ClCompile>
    <ClCompile Include="..\..\UI\Common\SortUtils.cpp">
      <Filter>UI Common</Filter>
    </ClCompile>
    <ClCompile Include="..\..\UI\Common\TempFiles.cpp">
      <Filter>UI Common</Filter>
    </ClCompile>
    <ClCompile Include="..\..\UI\Common\Update.cpp">
      <Filter>UI Common</Filter>
    </ClCompile>
    <ClCompile Include="..\..\UI\Common\UpdateAction.cpp">
      <Filter>UI Common</Filter>
    </ClCompile>
    <ClCompile Include="..\..\UI\Common\UpdatePair.cpp">
      <Filter>UI Common</Filter>
    </ClCompile>
    <ClCompile Include="..\..\UI\Common\UpdateProduce.cpp">
      <Filter>UI Common</Filter>
    </ClCompile>
    <ClCompile Include="..\..\Crypto\7zAes.cpp">
      <Filter>Crypto</Filter>
    </ClCompile>
    <ClCompile Include="..\..\Crypto\7zAesRegister.cpp">
      <Filter>Crypto</Filter>
    </ClCompile>
    <ClCompile Include="..\..\Crypto\HmacSha1.cpp">
      <Filter>Crypto</Filter>
    </ClCompile>
    <ClCompile Include="..\..\Crypto\MyAes.cpp">
      <Filter>Crypto</Filter>
    </ClCompile>
    <ClCompile Include="..\..\Crypto\Pbkdf2HmacSha1.cpp">
      <Filter>Crypto</Filter>
    </ClCompile>
    <ClCompile Include="..\..\Crypto\RandGen.cpp">
      <Filter>Crypto</Filter>
    </ClCompile>
    <ClCompile Include="..\..\Crypto\WzAes.cpp">
      <Filter>Crypto</Filter>
    </ClCompile>
    <ClCompile Include="..\..\Crypto\ZipCrypto.cpp">
      <Filter>Crypto</Filter>
    </ClCompile>
    <ClCompile Include="..\..\Crypto\ZipStrong.cpp">
      <Filter>Crypto</Filter>
    </ClCompile>
    <ClCompile Include="..\..\..\..\C\7zCrc.c">
      <Filter>C</Filter>
    </ClCompile>
    <ClCompile Include="..\..\..\..\C\7zCrcOpt.c">
      <Filter>C</Filter>
    </ClCompile>
    <ClCompile Include="..\..\..\..\C\7zStream.c">
      <Filter>C</Filter>
    </ClCompile>
    <ClCompile Include="..\..\..\..\C\Aes.c">
      <Filter>C</Filter>
    </ClCompile>
    <ClCompile Include="..\..\..\..\C\AesOpt.c">
      <Filter>C</Filter>
    </ClCompile>
    <ClCompile Include="..\..\..\..\C\Alloc.c">
      <Filter>C</Filter>
    </ClCompile>
    <ClCompile Include="..\..\..\..\C\Bcj2.c">
      <Filter>C</Filter>
    </ClCompile>
    <ClCompile Include="..\..\..\..\C\Bra.c">
      <Filter>C</Filter>
    </ClCompile>
    <ClCompile Include="..\..\..\..\C\Bra86.c">
      <Filter>C</Filter>
    </ClCompile>
    <ClCompile Include="..\..\..\..\C\BraIA64.c">
      <Filter>C</Filter>
    </ClCompile>
    <ClCompile Include="..\..\..\..\C\BwtSort.c">
      <Filter>C</Filter>
    </ClCompile>
    <ClCompile Include="..\..\..\..\C\CpuArch.c">
      <Filter>C</Filter>
    </ClCompile>
    <ClCompile Include="..\..\..\..\C\Delta.c">
      <Filter>C</Filter>
    </ClCompile>
    <ClCompile Include="..\..\..\..\C\HuffEnc.c">
      <Filter>C</Filter>
    </ClCompile>
    <ClCompile Include="..\..\..\..\C\LzFind.c">
      <Filter>C</Filter>
    </ClCompile>
    <ClCompile Include="..\..\..\..\C\LzFindMt.c">
      <Filter>C</Filter>
    </ClCompile>
    <ClCompile Include="..\..\..\..\C\Lzma2Dec.c">
      <Filter>C</Filter>
    </ClCompile>
    <ClCompile Include="..\..\..\..\C\Lzma2Enc.c">
      <Filter>C</Filter>
    </ClCompile>
    <ClCompile Include="..\..\..\..\C\LzmaDec.c">
      <Filter>C</Filter>
    </ClCompile>
    <ClCompile Include="..\..\..\..\C\LzmaEnc.c">
      <Filter>C</Filter>
    </ClCompile>
    <ClCompile Include="..\..\..\..\C\MtCoder.c">
      <Filter>C</Filter>
    </ClCompile>
    <ClCompile Include="..\..\..\..\C\Ppmd7.c">
      <Filter>C</Filter>
    </ClCompile>
    <ClCompile Include="..\..\..\..\C\Ppmd7Dec.c">
      <Filter>C</Filter>
    </ClCompile>
    <ClCompile Include="..\..\..\..\C\Ppmd7Enc.c">
      <Filter>C</Filter>
    </ClCompile>
    <ClCompile Include="..\..\..\..\C\Ppmd8.c">
      <Filter>C</Filter>
    </ClCompile>
    <ClCompile Include="..\..\..\..\C\Ppmd8Dec.c">
      <Filter>C</Filter>
    </ClCompile>
    <ClCompile Include="..\..\..\..\C\Ppmd8Enc.c">
      <Filter>C</Filter>
    </ClCompile>
    <ClCompile Include="..\..\..\..\C\Sha256.c">
      <Filter>C</Filter>
    </ClCompile>
    <ClCompile Include="..\..\..\..\C\Sort.c">
      <Filter>C</Filter>
    </ClCompile>
    <ClCompile Include="..\..\..\..\C\Threads.c">
      <Filter>C</Filter>
    </ClCompile>
    <ClCompile Include="..\..\..\..\C\Xz.c">
      <Filter>C\Xz</Filter>
    </ClCompile>
    <ClCompile Include="..\..\..\..\C\XzCrc64.c">
      <Filter>C\Xz</Filter>
    </ClCompile>
    <ClCompile Include="..\..\..\..\C\XzDec.c">
      <Filter>C\Xz</Filter>
    </ClCompile>
    <ClCompile Include="..\..\..\..\C\XzEnc.c">
      <Filter>C\Xz</Filter>
    </ClCompile>
    <ClCompile Include="..\..\..\..\C\XzIn.c">
      <Filter>C\Xz</Filter>
    </ClCompile>
    <ClCompile Include="..\..\..\Windows\ErrorMsg.cpp">
      <Filter>Windows</Filter>
    </ClCompile>
    <ClCompile Include="..\..\..\Windows\TimeUtils.cpp">
      <Filter>Windows</Filter>
    </ClCompile>
    <ClCompile Include="..\..\..\Windows\PropVariantConv.cpp">
      <Filter>Windows</Filter>
    </ClCompile>
    <ClCompile Include="..\..\..\Common\CrcReg.cpp">
      <Filter>Common</Filter>
    </ClCompile>
    <ClCompile Include="..\..\..\Common\Sha256Reg.cpp">
      <Filter>Common</Filter>
    </ClCompile>
    <ClCompile Include="..\..\..\Common\XzCrc64Reg.cpp">
      <Filter>Common</Filter>
    </ClCompile>
    <ClCompile Include="..\..\..\Windows\FileLink.cpp">
      <Filter>Windows</Filter>
    </ClCompile>
    <ClCompile Include="..\..\..\Windows\FileSystem.cpp">
      <Filter>Windows</Filter>
    </ClCompile>
    <ClCompile Include="..\..\Common\PropId.cpp">
      <Filter>7zip Common</Filter>
    </ClCompile>
    <ClCompile Include="..\..\Common\UniqBlocks.cpp">
      <Filter>7zip Common</Filter>
    </ClCompile>
    <ClCompile Include="..\..\UI\Common\HashCalc.cpp">
      <Filter>UI Common</Filter>
    </ClCompile>
    <ClCompile Include="List.cpp">
      <Filter>Spec</Filter>
    </ClCompile>
    <ClCompile Include="..\..\..\..\C\Bcj2Enc.c">
      <Filter>C</Filter>
    </ClCompile>
    <ClCompile Include="..\..\Archive\Cab\CabBlockInStream.cpp">
      <Filter>Archive\cab</Filter>
    </ClCompile>
    <ClCompile Include="..\..\Archive\Cab\CabHandler.cpp">
      <Filter>Archive\cab</Filter>
    </ClCompile>
    <ClCompile Include="..\..\Archive\Cab\CabHeader.cpp">
      <Filter>Archive\cab</Filter>
    </ClCompile>
    <ClCompile Include="..\..\Archive\Cab\CabIn.cpp">
      <Filter>Archive\cab</Filter>
    </ClCompile>
    <ClCompile Include="..\..\Archive\Cab\CabRegister.cpp">
      <Filter>Archive\cab</Filter>
    </ClCompile>
    <ClCompile Include="..\..\Archive\Tar\TarHandler.cpp">
      <Filter>Archive\tar</Filter>
    </ClCompile>
    <ClCompile Include="..\..\Archive\Tar\TarHandlerOut.cpp">
      <Filter>Archive\tar</Filter>
    </ClCompile>
    <ClCompile Include="..\..\Archive\Tar\TarHeader.cpp">
      <Filter>Archive\tar</Filter>
    </ClCompile>
    <ClCompile Include="..\..\Archive\Tar\TarIn.cpp">
      <Filter>Archive\tar</Filter>
    </ClCompile>
    <ClCompile Include="..\..\Archive\Tar\TarOut.cpp">
      <Filter>Archive\tar</Filter>
    </ClCompile>
    <ClCompile Include="..\..\Archive\Tar\TarRegister.cpp">
      <Filter>Archive\tar</Filter>
    </ClCompile>
    <ClCompile Include="..\..\Archive\Tar\TarUpdate.cpp">
      <Filter>Archive\tar</Filter>
    </ClCompile>
    <ClCompile Include="..\..\..\..\C\Sha1.c">
      <Filter>C</Filter>
    </ClCompile>
    <ClCompile Include="..\..\..\Common\Sha1Reg.cpp">
      <Filter>Common</Filter>
    </ClCompile>
    <ClCompile Include="..\..\..\Common\StdInStream.cpp">
      <Filter>Common</Filter>
    </ClCompile>
    <ClCompile Include="..\..\..\..\C\XzCrc64Opt.c">
      <Filter>C\Xz</Filter>
    </ClCompile>
    <ClCompile Include="HashCon.cpp">
      <Filter>Spec</Filter>
    </ClCompile>
    <ClCompile Include="..\..\..\Windows\Registry.cpp">
      <Filter>Windows</Filter>
    </ClCompile>
  </ItemGroup>
  <ItemGroup>
    <None Include="7-zip32.def">
      <Filter>Spec</Filter>
    </None>
    <None Include="SFX\Release\SFX.exe" />
  </ItemGroup>
  <ItemGroup>
    <ResourceCompile Include="resource.rc">
      <Filter>Spec</Filter>
    </ResourceCompile>
  </ItemGroup>
  <ItemGroup>
    <CustomBuild Include="..\..\..\..\Asm\x86\7zAsm.asm">
      <Filter>Asm</Filter>
    </CustomBuild>
    <CustomBuild Include="..\..\..\..\Asm\x86\7zCrcOpt.asm">
      <Filter>Asm</Filter>
    </CustomBuild>
  </ItemGroup>
</Project>